
Microsoft Visual Studio Solution File, Format Version 12.00
# Visual Studio Version 16
VisualStudioVersion = 16.0.29519.181
MinimumVisualStudioVersion = 10.0.40219.1
Project("{FAE04EC0-301F-11D3-BF4B-00C04F79EFBC}") = "WebApplication1", "WebApplication1\WebApplication1.csproj", "{3DD7167C-89DA-43D7-9E62-2B625A3ECF2C}"
EndProject
Global
	GlobalSection(SolutionConfigurationPlatforms) = preSolution
		Debug|Any CPU = Debug|Any CPU
		Release|Any CPU = Release|Any CPU
	EndGlobalSection
	GlobalSection(ProjectConfigurationPlatforms) = postSolution
		{3DD7167C-89DA-43D7-9E62-2B625A3ECF2C}.Debug|Any CPU.ActiveCfg = Debug|Any CPU
		{3DD7167C-89DA-43D7-9E62-2B625A3ECF2C}.Debug|Any CPU.Build.0 = Debug|Any CPU
		{3DD7167C-89DA-43D7-9E62-2B625A3ECF2C}.Release|Any CPU.ActiveCfg = Release|Any CPU
		{3DD7167C-89DA-43D7-9E62-2B625A3ECF2C}.Release|Any CPU.Build.0 = Release|Any CPU
	EndGlobalSection
	GlobalSection(SolutionProperties) = preSolution
		HideSolutionNode = FALSE
	EndGlobalSection
	GlobalSection(ExtensibilityGlobals) = postSolution
		SolutionGuid = {0811D920-66D2-4459-812D-C69FD4DCFD64}
	EndGlobalSection
EndGlobal
