
Microsoft Visual Studio Solution File, Format Version 12.00
# Visual Studio Version 16
VisualStudioVersion = 16.0.29519.181
MinimumVisualStudioVersion = 10.0.40219.1
Project("{FAE04EC0-301F-11D3-BF4B-00C04F79EFBC}") = "WebApplication3", "WebApplication3\WebApplication3.csproj", "{AC234E5D-D9DB-44E6-B7FF-A98B04D96FEE}"
EndProject
Global
	GlobalSection(SolutionConfigurationPlatforms) = preSolution
		Debug|Any CPU = Debug|Any CPU
		Release|Any CPU = Release|Any CPU
	EndGlobalSection
	GlobalSection(ProjectConfigurationPlatforms) = postSolution
		{AC234E5D-D9DB-44E6-B7FF-A98B04D96FEE}.Debug|Any CPU.ActiveCfg = Debug|Any CPU
		{AC234E5D-D9DB-44E6-B7FF-A98B04D96FEE}.Debug|Any CPU.Build.0 = Debug|Any CPU
		{AC234E5D-D9DB-44E6-B7FF-A98B04D96FEE}.Release|Any CPU.ActiveCfg = Release|Any CPU
		{AC234E5D-D9DB-44E6-B7FF-A98B04D96FEE}.Release|Any CPU.Build.0 = Release|Any CPU
	EndGlobalSection
	GlobalSection(SolutionProperties) = preSolution
		HideSolutionNode = FALSE
	EndGlobalSection
	GlobalSection(ExtensibilityGlobals) = postSolution
		SolutionGuid = {18C49CBF-887F-49F6-A3A8-495CA4D04DCC}
	EndGlobalSection
EndGlobal
