
Microsoft Visual Studio Solution File, Format Version 12.00
# Visual Studio Version 16
VisualStudioVersion = 16.0.29519.181
MinimumVisualStudioVersion = 10.0.40219.1
Project("{FAE04EC0-301F-11D3-BF4B-00C04F79EFBC}") = "Timer", "Timer\Timer.csproj", "{0ED31B7B-4A75-4C85-8244-5154BC07EF48}"
EndProject
Global
	GlobalSection(SolutionConfigurationPlatforms) = preSolution
		Debug|Any CPU = Debug|Any CPU
		Release|Any CPU = Release|Any CPU
	EndGlobalSection
	GlobalSection(ProjectConfigurationPlatforms) = postSolution
		{0ED31B7B-4A75-4C85-8244-5154BC07EF48}.Debug|Any CPU.ActiveCfg = Debug|Any CPU
		{0ED31B7B-4A75-4C85-8244-5154BC07EF48}.Debug|Any CPU.Build.0 = Debug|Any CPU
		{0ED31B7B-4A75-4C85-8244-5154BC07EF48}.Release|Any CPU.ActiveCfg = Release|Any CPU
		{0ED31B7B-4A75-4C85-8244-5154BC07EF48}.Release|Any CPU.Build.0 = Release|Any CPU
	EndGlobalSection
	GlobalSection(SolutionProperties) = preSolution
		HideSolutionNode = FALSE
	EndGlobalSection
	GlobalSection(ExtensibilityGlobals) = postSolution
		SolutionGuid = {63804793-BCE6-4DF7-8092-C95C3CE8C348}
	EndGlobalSection
EndGlobal
